
Microsoft Visual Studio Solution File, Format Version 12.00
# Visual Studio Version 17
VisualStudioVersion = 17.10.35027.167
MinimumVisualStudioVersion = 10.0.40219.1
Project("{FAE04EC0-301F-11D3-BF4B-00C04F79EFBC}") = "patikafy_music", "patikafy_music\patikafy_music.csproj", "{62BBA6CE-DBA0-4E24-B128-BA09B7AD6939}"
EndProject
Global
	GlobalSection(SolutionConfigurationPlatforms) = preSolution
		Debug|Any CPU = Debug|Any CPU
		Release|Any CPU = Release|Any CPU
	EndGlobalSection
	GlobalSection(ProjectConfigurationPlatforms) = postSolution
		{62BBA6CE-DBA0-4E24-B128-BA09B7AD6939}.Debug|Any CPU.ActiveCfg = Debug|Any CPU
		{62BBA6CE-DBA0-4E24-B128-BA09B7AD6939}.Debug|Any CPU.Build.0 = Debug|Any CPU
		{62BBA6CE-DBA0-4E24-B128-BA09B7AD6939}.Release|Any CPU.ActiveCfg = Release|Any CPU
		{62BBA6CE-DBA0-4E24-B128-BA09B7AD6939}.Release|Any CPU.Build.0 = Release|Any CPU
	EndGlobalSection
	GlobalSection(SolutionProperties) = preSolution
		HideSolutionNode = FALSE
	EndGlobalSection
	GlobalSection(ExtensibilityGlobals) = postSolution
		SolutionGuid = {42723F09-DD69-45CA-8698-212904871991}
	EndGlobalSection
EndGlobal
